// !$*UTF8*$!
{
	archiveVersion = 1;
	classes = {
	};
	objectVersion = 50;
	objects = {

/* Begin PBXBuildFile section */
		00F8740126334EAC00AE2D87 /* AppDelegate.swift in Sources */ = {isa = PBXBuildFile; fileRef = 00F8740026334EAC00AE2D87 /* AppDelegate.swift */; };
		00F8740326334EAC00AE2D87 /* SceneDelegate.swift in Sources */ = {isa = PBXBuildFile; fileRef = 00F8740226334EAC00AE2D87 /* SceneDelegate.swift */; };
		00F8740526334EAC00AE2D87 /* ViewController.swift in Sources */ = {isa = PBXBuildFile; fileRef = 00F8740426334EAC00AE2D87 /* ViewController.swift */; };
		00F8740826334EAC00AE2D87 /* Main.storyboard in Resources */ = {isa = PBXBuildFile; fileRef = 00F8740626334EAC00AE2D87 /* Main.storyboard */; };
		00F8740B26334EAC00AE2D87 /* ADWeatherApp.xcdatamodeld in Sources */ = {isa = PBXBuildFile; fileRef = 00F8740926334EAC00AE2D87 /* ADWeatherApp.xcdatamodeld */; };
		00F8740D26334EAD00AE2D87 /* Assets.xcassets in Resources */ = {isa = PBXBuildFile; fileRef = 00F8740C26334EAD00AE2D87 /* Assets.xcassets */; };
		00F8741026334EAD00AE2D87 /* LaunchScreen.storyboard in Resources */ = {isa = PBXBuildFile; fileRef = 00F8740E26334EAD00AE2D87 /* LaunchScreen.storyboard */; };
		00F8742926341F0C00AE2D87 /* CityTableViewCell.xib in Resources */ = {isa = PBXBuildFile; fileRef = 00F8742726341F0C00AE2D87 /* CityTableViewCell.xib */; };
		00F8742A26341F0C00AE2D87 /* CityTableViewCell.swift in Sources */ = {isa = PBXBuildFile; fileRef = 00F8742826341F0C00AE2D87 /* CityTableViewCell.swift */; };
		00F874352634495B00AE2D87 /* Location.swift in Sources */ = {isa = PBXBuildFile; fileRef = 00F874342634495B00AE2D87 /* Location.swift */; };
		00F8743A263449E200AE2D87 /* Defines.swift in Sources */ = {isa = PBXBuildFile; fileRef = 00F87439263449E200AE2D87 /* Defines.swift */; };
		00F874422634591500AE2D87 /* APIRequest.swift in Sources */ = {isa = PBXBuildFile; fileRef = 00F874412634591500AE2D87 /* APIRequest.swift */; };
		00F874462634672F00AE2D87 /* CitiesForecastViewController.swift in Sources */ = {isa = PBXBuildFile; fileRef = 00F874452634672F00AE2D87 /* CitiesForecastViewController.swift */; };
		00F8744A26346ADE00AE2D87 /* DayCollectionViewCell.swift in Sources */ = {isa = PBXBuildFile; fileRef = 00F8744826346ADE00AE2D87 /* DayCollectionViewCell.swift */; };
		00F8744B26346ADE00AE2D87 /* DayCollectionViewCell.xib in Resources */ = {isa = PBXBuildFile; fileRef = 00F8744926346ADE00AE2D87 /* DayCollectionViewCell.xib */; };
		00F874562635D1C100AE2D87 /* SettingsViewController.swift in Sources */ = {isa = PBXBuildFile; fileRef = 00F874552635D1C100AE2D87 /* SettingsViewController.swift */; };
/* End PBXBuildFile section */

/* Begin PBXFileReference section */
		00F873FD26334EAC00AE2D87 /* ADWeatherApp.app */ = {isa = PBXFileReference; explicitFileType = wrapper.application; includeInIndex = 0; path = ADWeatherApp.app; sourceTree = BUILT_PRODUCTS_DIR; };
		00F8740026334EAC00AE2D87 /* AppDelegate.swift */ = {isa = PBXFileReference; lastKnownFileType = sourcecode.swift; path = AppDelegate.swift; sourceTree = "<group>"; };
		00F8740226334EAC00AE2D87 /* SceneDelegate.swift */ = {isa = PBXFileReference; lastKnownFileType = sourcecode.swift; path = SceneDelegate.swift; sourceTree = "<group>"; };
		00F8740426334EAC00AE2D87 /* ViewController.swift */ = {isa = PBXFileReference; lastKnownFileType = sourcecode.swift; path = ViewController.swift; sourceTree = "<group>"; };
		00F8740726334EAC00AE2D87 /* Base */ = {isa = PBXFileReference; lastKnownFileType = file.storyboard; name = Base; path = Base.lproj/Main.storyboard; sourceTree = "<group>"; };
		00F8740A26334EAC00AE2D87 /* ADWeatherApp.xcdatamodel */ = {isa = PBXFileReference; lastKnownFileType = wrapper.xcdatamodel; path = ADWeatherApp.xcdatamodel; sourceTree = "<group>"; };
		00F8740C26334EAD00AE2D87 /* Assets.xcassets */ = {isa = PBXFileReference; lastKnownFileType = folder.assetcatalog; path = Assets.xcassets; sourceTree = "<group>"; };
		00F8740F26334EAD00AE2D87 /* Base */ = {isa = PBXFileReference; lastKnownFileType = file.storyboard; name = Base; path = Base.lproj/LaunchScreen.storyboard; sourceTree = "<group>"; };
		00F8741126334EAD00AE2D87 /* Info.plist */ = {isa = PBXFileReference; lastKnownFileType = text.plist.xml; path = Info.plist; sourceTree = "<group>"; };
		00F8742726341F0C00AE2D87 /* CityTableViewCell.xib */ = {isa = PBXFileReference; fileEncoding = 4; lastKnownFileType = file.xib; path = CityTableViewCell.xib; sourceTree = "<group>"; };
		00F8742826341F0C00AE2D87 /* CityTableViewCell.swift */ = {isa = PBXFileReference; fileEncoding = 4; lastKnownFileType = sourcecode.swift; path = CityTableViewCell.swift; sourceTree = "<group>"; };
		00F874342634495B00AE2D87 /* Location.swift */ = {isa = PBXFileReference; lastKnownFileType = sourcecode.swift; path = Location.swift; sourceTree = "<group>"; };
		00F87439263449E200AE2D87 /* Defines.swift */ = {isa = PBXFileReference; lastKnownFileType = sourcecode.swift; path = Defines.swift; sourceTree = "<group>"; };
		00F874412634591500AE2D87 /* APIRequest.swift */ = {isa = PBXFileReference; lastKnownFileType = sourcecode.swift; path = APIRequest.swift; sourceTree = "<group>"; };
		00F874452634672F00AE2D87 /* CitiesForecastViewController.swift */ = {isa = PBXFileReference; lastKnownFileType = sourcecode.swift; path = CitiesForecastViewController.swift; sourceTree = "<group>"; };
		00F8744826346ADE00AE2D87 /* DayCollectionViewCell.swift */ = {isa = PBXFileReference; lastKnownFileType = sourcecode.swift; path = DayCollectionViewCell.swift; sourceTree = "<group>"; };
		00F8744926346ADE00AE2D87 /* DayCollectionViewCell.xib */ = {isa = PBXFileReference; lastKnownFileType = file.xib; path = DayCollectionViewCell.xib; sourceTree = "<group>"; };
		00F874552635D1C100AE2D87 /* SettingsViewController.swift */ = {isa = PBXFileReference; lastKnownFileType = sourcecode.swift; path = SettingsViewController.swift; sourceTree = "<group>"; };
/* End PBXFileReference section */

/* Begin PBXFrameworksBuildPhase section */
		00F873FA26334EAC00AE2D87 /* Frameworks */ = {
			isa = PBXFrameworksBuildPhase;
			buildActionMask = 2147483647;
			files = (
			);
			runOnlyForDeploymentPostprocessing = 0;
		};
/* End PBXFrameworksBuildPhase section */

/* Begin PBXGroup section */
		00F873F426334EAC00AE2D87 = {
			isa = PBXGroup;
			children = (
				00F873FF26334EAC00AE2D87 /* ADWeatherApp */,
				00F873FE26334EAC00AE2D87 /* Products */,
			);
			sourceTree = "<group>";
		};
		00F873FE26334EAC00AE2D87 /* Products */ = {
			isa = PBXGroup;
			children = (
				00F873FD26334EAC00AE2D87 /* ADWeatherApp.app */,
			);
			name = Products;
			sourceTree = "<group>";
		};
		00F873FF26334EAC00AE2D87 /* ADWeatherApp */ = {
			isa = PBXGroup;
			children = (
				00F8740026334EAC00AE2D87 /* AppDelegate.swift */,
				00F8740226334EAC00AE2D87 /* SceneDelegate.swift */,
				00F8740626334EAC00AE2D87 /* Main.storyboard */,
				00F8743F26344C7400AE2D87 /* ViewControllers */,
				00F874372634497B00AE2D87 /* Model */,
				00F874382634499200AE2D87 /* Custom cell */,
				00F8743E26344C5500AE2D87 /* Common defines */,
				00F87440263458FF00AE2D87 /* API request */,
				00F8740C26334EAD00AE2D87 /* Assets.xcassets */,
				00F8740E26334EAD00AE2D87 /* LaunchScreen.storyboard */,
				00F8741126334EAD00AE2D87 /* Info.plist */,
				00F8740926334EAC00AE2D87 /* ADWeatherApp.xcdatamodeld */,
			);
			path = ADWeatherApp;
			sourceTree = "<group>";
		};
		00F874372634497B00AE2D87 /* Model */ = {
			isa = PBXGroup;
			children = (
				00F874342634495B00AE2D87 /* Location.swift */,
			);
			path = Model;
			sourceTree = "<group>";
		};
		00F874382634499200AE2D87 /* Custom cell */ = {
			isa = PBXGroup;
			children = (
				00F8742826341F0C00AE2D87 /* CityTableViewCell.swift */,
				00F8742726341F0C00AE2D87 /* CityTableViewCell.xib */,
				00F8744826346ADE00AE2D87 /* DayCollectionViewCell.swift */,
				00F8744926346ADE00AE2D87 /* DayCollectionViewCell.xib */,
			);
			path = "Custom cell";
			sourceTree = "<group>";
		};
		00F8743E26344C5500AE2D87 /* Common defines */ = {
			isa = PBXGroup;
			children = (
				00F87439263449E200AE2D87 /* Defines.swift */,
			);
			path = "Common defines";
			sourceTree = "<group>";
		};
		00F8743F26344C7400AE2D87 /* ViewControllers */ = {
			isa = PBXGroup;
			children = (
				00F8740426334EAC00AE2D87 /* ViewController.swift */,
				00F874452634672F00AE2D87 /* CitiesForecastViewController.swift */,
				00F874552635D1C100AE2D87 /* SettingsViewController.swift */,
			);
			path = ViewControllers;
			sourceTree = "<group>";
		};
		00F87440263458FF00AE2D87 /* API request */ = {
			isa = PBXGroup;
			children = (
				00F874412634591500AE2D87 /* APIRequest.swift */,
			);
			path = "API request";
			sourceTree = "<group>";
		};
/* End PBXGroup section */

/* Begin PBXNativeTarget section */
		00F873FC26334EAC00AE2D87 /* ADWeatherApp */ = {
			isa = PBXNativeTarget;
			buildConfigurationList = 00F8741426334EAD00AE2D87 /* Build configuration list for PBXNativeTarget "ADWeatherApp" */;
			buildPhases = (
				00F873F926334EAC00AE2D87 /* Sources */,
				00F873FA26334EAC00AE2D87 /* Frameworks */,
				00F873FB26334EAC00AE2D87 /* Resources */,
			);
			buildRules = (
			);
			dependencies = (
			);
			name = ADWeatherApp;
			productName = ADWeatherApp;
			productReference = 00F873FD26334EAC00AE2D87 /* ADWeatherApp.app */;
			productType = "com.apple.product-type.application";
		};
/* End PBXNativeTarget section */

/* Begin PBXProject section */
		00F873F526334EAC00AE2D87 /* Project object */ = {
			isa = PBXProject;
			attributes = {
				LastSwiftUpdateCheck = 1200;
				LastUpgradeCheck = 1200;
				TargetAttributes = {
					00F873FC26334EAC00AE2D87 = {
						CreatedOnToolsVersion = 12.0.1;
					};
				};
			};
			buildConfigurationList = 00F873F826334EAC00AE2D87 /* Build configuration list for PBXProject "ADWeatherApp" */;
			compatibilityVersion = "Xcode 9.3";
			developmentRegion = en;
			hasScannedForEncodings = 0;
			knownRegions = (
				en,
				Base,
			);
			mainGroup = 00F873F426334EAC00AE2D87;
			productRefGroup = 00F873FE26334EAC00AE2D87 /* Products */;
			projectDirPath = "";
			projectRoot = "";
			targets = (
				00F873FC26334EAC00AE2D87 /* ADWeatherApp */,
			);
		};
/* End PBXProject section */

/* Begin PBXResourcesBuildPhase section */
		00F873FB26334EAC00AE2D87 /* Resources */ = {
			isa = PBXResourcesBuildPhase;
			buildActionMask = 2147483647;
			files = (
				00F8741026334EAD00AE2D87 /* LaunchScreen.storyboard in Resources */,
				00F8740D26334EAD00AE2D87 /* Assets.xcassets in Resources */,
				00F8744B26346ADE00AE2D87 /* DayCollectionViewCell.xib in Resources */,
				00F8742926341F0C00AE2D87 /* CityTableViewCell.xib in Resources */,
				00F8740826334EAC00AE2D87 /* Main.storyboard in Resources */,
			);
			runOnlyForDeploymentPostprocessing = 0;
		};
/* End PBXResourcesBuildPhase section */

/* Begin PBXSourcesBuildPhase section */
		00F873F926334EAC00AE2D87 /* Sources */ = {
			isa = PBXSourcesBuildPhase;
			buildActionMask = 2147483647;
			files = (
				00F8743A263449E200AE2D87 /* Defines.swift in Sources */,
				00F8740526334EAC00AE2D87 /* ViewController.swift in Sources */,
				00F874562635D1C100AE2D87 /* SettingsViewController.swift in Sources */,
				00F8740126334EAC00AE2D87 /* AppDelegate.swift in Sources */,
				00F8744A26346ADE00AE2D87 /* DayCollectionViewCell.swift in Sources */,
				00F8742A26341F0C00AE2D87 /* CityTableViewCell.swift in Sources */,
				00F874462634672F00AE2D87 /* CitiesForecastViewController.swift in Sources */,
				00F8740326334EAC00AE2D87 /* SceneDelegate.swift in Sources */,
				00F874352634495B00AE2D87 /* Location.swift in Sources */,
				00F874422634591500AE2D87 /* APIRequest.swift in Sources */,
				00F8740B26334EAC00AE2D87 /* ADWeatherApp.xcdatamodeld in Sources */,
			);
			runOnlyForDeploymentPostprocessing = 0;
		};
/* End PBXSourcesBuildPhase section */

/* Begin PBXVariantGroup section */
		00F8740626334EAC00AE2D87 /* Main.storyboard */ = {
			isa = PBXVariantGroup;
			children = (
				00F8740726334EAC00AE2D87 /* Base */,
			);
			name = Main.storyboard;
			sourceTree = "<group>";
		};
		00F8740E26334EAD00AE2D87 /* LaunchScreen.storyboard */ = {
			isa = PBXVariantGroup;
			children = (
				00F8740F26334EAD00AE2D87 /* Base */,
			);
			name = LaunchScreen.storyboard;
			sourceTree = "<group>";
		};
/* End PBXVariantGroup section */

/* Begin XCBuildConfiguration section */
		00F8741226334EAD00AE2D87 /* Debug */ = {
			isa = XCBuildConfiguration;
			buildSettings = {
				ALWAYS_SEARCH_USER_PATHS = NO;
				CLANG_ANALYZER_NONNULL = YES;
				CLANG_ANALYZER_NUMBER_OBJECT_CONVERSION = YES_AGGRESSIVE;
				CLANG_CXX_LANGUAGE_STANDARD = "gnu++14";
				CLANG_CXX_LIBRARY = "libc++";
				CLANG_ENABLE_MODULES = YES;
				CLANG_ENABLE_OBJC_ARC = YES;
				CLANG_ENABLE_OBJC_WEAK = YES;
				CLANG_WARN_BLOCK_CAPTURE_AUTORELEASING = YES;
				CLANG_WARN_BOOL_CONVERSION = YES;
				CLANG_WARN_COMMA = YES;
				CLANG_WARN_CONSTANT_CONVERSION = YES;
				CLANG_WARN_DEPRECATED_OBJC_IMPLEMENTATIONS = YES;
				CLANG_WARN_DIRECT_OBJC_ISA_USAGE = YES_ERROR;
				CLANG_WARN_DOCUMENTATION_COMMENTS = YES;
				CLANG_WARN_EMPTY_BODY = YES;
				CLANG_WARN_ENUM_CONVERSION = YES;
				CLANG_WARN_INFINITE_RECURSION = YES;
				CLANG_WARN_INT_CONVERSION = YES;
				CLANG_WARN_NON_LITERAL_NULL_CONVERSION = YES;
				CLANG_WARN_OBJC_IMPLICIT_RETAIN_SELF = YES;
				CLANG_WARN_OBJC_LITERAL_CONVERSION = YES;
				CLANG_WARN_OBJC_ROOT_CLASS = YES_ERROR;
				CLANG_WARN_QUOTED_INCLUDE_IN_FRAMEWORK_HEADER = YES;
				CLANG_WARN_RANGE_LOOP_ANALYSIS = YES;
				CLANG_WARN_STRICT_PROTOTYPES = YES;
				CLANG_WARN_SUSPICIOUS_MOVE = YES;
				CLANG_WARN_UNGUARDED_AVAILABILITY = YES_AGGRESSIVE;
				CLANG_WARN_UNREACHABLE_CODE = YES;
				CLANG_WARN__DUPLICATE_METHOD_MATCH = YES;
				COPY_PHASE_STRIP = NO;
				DEBUG_INFORMATION_FORMAT = dwarf;
				ENABLE_STRICT_OBJC_MSGSEND = YES;
				ENABLE_TESTABILITY = YES;
				GCC_C_LANGUAGE_STANDARD = gnu11;
				GCC_DYNAMIC_NO_PIC = NO;
				GCC_NO_COMMON_BLOCKS = YES;
				GCC_OPTIMIZATION_LEVEL = 0;
				GCC_PREPROCESSOR_DEFINITIONS = (
					"DEBUG=1",
					"$(inherited)",
				);
				GCC_WARN_64_TO_32_BIT_CONVERSION = YES;
				GCC_WARN_ABOUT_RETURN_TYPE = YES_ERROR;
				GCC_WARN_UNDECLARED_SELECTOR = YES;
				GCC_WARN_UNINITIALIZED_AUTOS = YES_AGGRESSIVE;
				GCC_WARN_UNUSED_FUNCTION = YES;
				GCC_WARN_UNUSED_VARIABLE = YES;
				IPHONEOS_DEPLOYMENT_TARGET = 14.0;
				MTL_ENABLE_DEBUG_INFO = INCLUDE_SOURCE;
				MTL_FAST_MATH = YES;
				ONLY_ACTIVE_ARCH = YES;
				SDKROOT = iphoneos;
				SWIFT_ACTIVE_COMPILATION_CONDITIONS = DEBUG;
				SWIFT_OPTIMIZATION_LEVEL = "-Onone";
			};
			name = Debug;
		};
		00F8741326334EAD00AE2D87 /* Release */ = {
			isa = XCBuildConfiguration;
			buildSettings = {
				ALWAYS_SEARCH_USER_PATHS = NO;
				CLANG_ANALYZER_NONNULL = YES;
				CLANG_ANALYZER_NUMBER_OBJECT_CONVERSION = YES_AGGRESSIVE;
				CLANG_CXX_LANGUAGE_STANDARD = "gnu++14";
				CLANG_CXX_LIBRARY = "libc++";
				CLANG_ENABLE_MODULES = YES;
				CLANG_ENABLE_OBJC_ARC = YES;
				CLANG_ENABLE_OBJC_WEAK = YES;
				CLANG_WARN_BLOCK_CAPTURE_AUTORELEASING = YES;
				CLANG_WARN_BOOL_CONVERSION = YES;
				CLANG_WARN_COMMA = YES;
				CLANG_WARN_CONSTANT_CONVERSION = YES;
				CLANG_WARN_DEPRECATED_OBJC_IMPLEMENTATIONS = YES;
				CLANG_WARN_DIRECT_OBJC_ISA_USAGE = YES_ERROR;
				CLANG_WARN_DOCUMENTATION_COMMENTS = YES;
				CLANG_WARN_EMPTY_BODY = YES;
				CLANG_WARN_ENUM_CONVERSION = YES;
				CLANG_WARN_INFINITE_RECURSION = YES;
				CLANG_WARN_INT_CONVERSION = YES;
				CLANG_WARN_NON_LITERAL_NULL_CONVERSION = YES;
				CLANG_WARN_OBJC_IMPLICIT_RETAIN_SELF = YES;
				CLANG_WARN_OBJC_LITERAL_CONVERSION = YES;
				CLANG_WARN_OBJC_ROOT_CLASS = YES_ERROR;
				CLANG_WARN_QUOTED_INCLUDE_IN_FRAMEWORK_HEADER = YES;
				CLANG_WARN_RANGE_LOOP_ANALYSIS = YES;
				CLANG_WARN_STRICT_PROTOTYPES = YES;
				CLANG_WARN_SUSPICIOUS_MOVE = YES;
				CLANG_WARN_UNGUARDED_AVAILABILITY = YES_AGGRESSIVE;
				CLANG_WARN_UNREACHABLE_CODE = YES;
				CLANG_WARN__DUPLICATE_METHOD_MATCH = YES;
				COPY_PHASE_STRIP = NO;
				DEBUG_INFORMATION_FORMAT = "dwarf-with-dsym";
				ENABLE_NS_ASSERTIONS = NO;
				ENABLE_STRICT_OBJC_MSGSEND = YES;
				GCC_C_LANGUAGE_STANDARD = gnu11;
				GCC_NO_COMMON_BLOCKS = YES;
				GCC_WARN_64_TO_32_BIT_CONVERSION = YES;
				GCC_WARN_ABOUT_RETURN_TYPE = YES_ERROR;
				GCC_WARN_UNDECLARED_SELECTOR = YES;
				GCC_WARN_UNINITIALIZED_AUTOS = YES_AGGRESSIVE;
				GCC_WARN_UNUSED_FUNCTION = YES;
				GCC_WARN_UNUSED_VARIABLE = YES;
				IPHONEOS_DEPLOYMENT_TARGET = 14.0;
				MTL_ENABLE_DEBUG_INFO = NO;
				MTL_FAST_MATH = YES;
				SDKROOT = iphoneos;
				SWIFT_COMPILATION_MODE = wholemodule;
				SWIFT_OPTIMIZATION_LEVEL = "-O";
				VALIDATE_PRODUCT = YES;
			};
			name = Release;
		};
		00F8741526334EAD00AE2D87 /* Debug */ = {
			isa = XCBuildConfiguration;
			buildSettings = {
				ASSETCATALOG_COMPILER_APPICON_NAME = AppIcon;
				ASSETCATALOG_COMPILER_GLOBAL_ACCENT_COLOR_NAME = AccentColor;
				CODE_SIGN_STYLE = Automatic;
				INFOPLIST_FILE = ADWeatherApp/Info.plist;
				LD_RUNPATH_SEARCH_PATHS = (
					"$(inherited)",
					"@executable_path/Frameworks",
				);
				PRODUCT_BUNDLE_IDENTIFIER = AD.ADWeatherApp;
				PRODUCT_NAME = "$(TARGET_NAME)";
				SWIFT_VERSION = 5.0;
				TARGETED_DEVICE_FAMILY = "1,2";
			};
			name = Debug;
		};
		00F8741626334EAD00AE2D87 /* Release */ = {
			isa = XCBuildConfiguration;
			buildSettings = {
				ASSETCATALOG_COMPILER_APPICON_NAME = AppIcon;
				ASSETCATALOG_COMPILER_GLOBAL_ACCENT_COLOR_NAME = AccentColor;
				CODE_SIGN_STYLE = Automatic;
				INFOPLIST_FILE = ADWeatherApp/Info.plist;
				LD_RUNPATH_SEARCH_PATHS = (
					"$(inherited)",
					"@executable_path/Frameworks",
				);
				PRODUCT_BUNDLE_IDENTIFIER = AD.ADWeatherApp;
				PRODUCT_NAME = "$(TARGET_NAME)";
				SWIFT_VERSION = 5.0;
				TARGETED_DEVICE_FAMILY = "1,2";
			};
			name = Release;
		};
/* End XCBuildConfiguration section */

/* Begin XCConfigurationList section */
		00F873F826334EAC00AE2D87 /* Build configuration list for PBXProject "ADWeatherApp" */ = {
			isa = XCConfigurationList;
			buildConfigurations = (
				00F8741226334EAD00AE2D87 /* Debug */,
				00F8741326334EAD00AE2D87 /* Release */,
			);
			defaultConfigurationIsVisible = 0;
			defaultConfigurationName = Release;
		};
		00F8741426334EAD00AE2D87 /* Build configuration list for PBXNativeTarget "ADWeatherApp" */ = {
			isa = XCConfigurationList;
			buildConfigurations = (
				00F8741526334EAD00AE2D87 /* Debug */,
				00F8741626334EAD00AE2D87 /* Release */,
			);
			defaultConfigurationIsVisible = 0;
			defaultConfigurationName = Release;
		};
/* End XCConfigurationList section */

/* Begin XCVersionGroup section */
		00F8740926334EAC00AE2D87 /* ADWeatherApp.xcdatamodeld */ = {
			isa = XCVersionGroup;
			children = (
				00F8740A26334EAC00AE2D87 /* ADWeatherApp.xcdatamodel */,
			);
			currentVersion = 00F8740A26334EAC00AE2D87 /* ADWeatherApp.xcdatamodel */;
			path = ADWeatherApp.xcdatamodeld;
			sourceTree = "<group>";
			versionGroupType = wrapper.xcdatamodel;
		};
/* End XCVersionGroup section */
	};
	rootObject = 00F873F526334EAC00AE2D87 /* Project object */;
}
